
Microsoft Visual Studio Solution File, Format Version 12.00
# Visual Studio Version 16
VisualStudioVersion = 16.0.31624.102
MinimumVisualStudioVersion = 10.0.40219.1
Project("{9A19103F-16F7-4668-BE54-9A1E7A4F7556}") = "project.api", "project.api\project.api.csproj", "{0A9ADAF2-955D-4EF0-8DF8-3A36BC49D632}"
EndProject
Global
	GlobalSection(SolutionConfigurationPlatforms) = preSolution
		Debug|Any CPU = Debug|Any CPU
		Release|Any CPU = Release|Any CPU
	EndGlobalSection
	GlobalSection(ProjectConfigurationPlatforms) = postSolution
		{0A9ADAF2-955D-4EF0-8DF8-3A36BC49D632}.Debug|Any CPU.ActiveCfg = Debug|Any CPU
		{0A9ADAF2-955D-4EF0-8DF8-3A36BC49D632}.Debug|Any CPU.Build.0 = Debug|Any CPU
		{0A9ADAF2-955D-4EF0-8DF8-3A36BC49D632}.Release|Any CPU.ActiveCfg = Release|Any CPU
		{0A9ADAF2-955D-4EF0-8DF8-3A36BC49D632}.Release|Any CPU.Build.0 = Release|Any CPU
	EndGlobalSection
	GlobalSection(SolutionProperties) = preSolution
		HideSolutionNode = FALSE
	EndGlobalSection
	GlobalSection(ExtensibilityGlobals) = postSolution
		SolutionGuid = {F7492113-C08B-416C-AE45-7B558DE58128}
	EndGlobalSection
EndGlobal
